// !$*UTF8*$!
{
	archiveVersion = 1;
	classes = {
	};
	objectVersion = 56;
	objects = {

/* Begin PBXBuildFile section */
		56551C8E2BE8E7D100F391ED /* AppDelegate.swift in Sources */ = {isa = PBXBuildFile; fileRef = 56551C8D2BE8E7D100F391ED /* AppDelegate.swift */; };
		56551C902BE8E7D100F391ED /* SceneDelegate.swift in Sources */ = {isa = PBXBuildFile; fileRef = 56551C8F2BE8E7D100F391ED /* SceneDelegate.swift */; };
		56551C972BE8E7D600F391ED /* Assets.xcassets in Resources */ = {isa = PBXBuildFile; fileRef = 56551C962BE8E7D600F391ED /* Assets.xcassets */; };
		56551C9A2BE8E7D600F391ED /* LaunchScreen.storyboard in Resources */ = {isa = PBXBuildFile; fileRef = 56551C982BE8E7D600F391ED /* LaunchScreen.storyboard */; };
		56551CA62BE8E85C00F391ED /* MainViewController.swift in Sources */ = {isa = PBXBuildFile; fileRef = 56551CA52BE8E85C00F391ED /* MainViewController.swift */; };
		56551CA82BE9255900F391ED /* MainViewControllerTableView.swift in Sources */ = {isa = PBXBuildFile; fileRef = 56551CA72BE9255900F391ED /* MainViewControllerTableView.swift */; };
		56551CAB2BE9257C00F391ED /* MainViewModel.swift in Sources */ = {isa = PBXBuildFile; fileRef = 56551CAA2BE9257C00F391ED /* MainViewModel.swift */; };
		56551CAE2BE9286E00F391ED /* ServiceConstant.swift in Sources */ = {isa = PBXBuildFile; fileRef = 56551CAD2BE9286E00F391ED /* ServiceConstant.swift */; };
		56551CB02BE9291300F391ED /* Service.swift in Sources */ = {isa = PBXBuildFile; fileRef = 56551CAF2BE9291300F391ED /* Service.swift */; };
		56551CB32BE9295400F391ED /* Alamofire in Frameworks */ = {isa = PBXBuildFile; productRef = 56551CB22BE9295400F391ED /* Alamofire */; };
		56551CB52BE9295400F391ED /* AlamofireDynamic in Frameworks */ = {isa = PBXBuildFile; productRef = 56551CB42BE9295400F391ED /* AlamofireDynamic */; };
		56551CB82BE92B2000F391ED /* University.swift in Sources */ = {isa = PBXBuildFile; fileRef = 56551CB72BE92B2000F391ED /* University.swift */; };
		56551CBB2BE930D000F391ED /* MainViewCell.swift in Sources */ = {isa = PBXBuildFile; fileRef = 56551CBA2BE930D000F391ED /* MainViewCell.swift */; };
		56551CBD2BE935A200F391ED /* MainViewCellModel.swift in Sources */ = {isa = PBXBuildFile; fileRef = 56551CBC2BE935A200F391ED /* MainViewCellModel.swift */; };
/* End PBXBuildFile section */

/* Begin PBXFileReference section */
		56551C8A2BE8E7D100F391ED /* UniversityInformation.app */ = {isa = PBXFileReference; explicitFileType = wrapper.application; includeInIndex = 0; path = UniversityInformation.app; sourceTree = BUILT_PRODUCTS_DIR; };
		56551C8D2BE8E7D100F391ED /* AppDelegate.swift */ = {isa = PBXFileReference; lastKnownFileType = sourcecode.swift; path = AppDelegate.swift; sourceTree = "<group>"; };
		56551C8F2BE8E7D100F391ED /* SceneDelegate.swift */ = {isa = PBXFileReference; lastKnownFileType = sourcecode.swift; path = SceneDelegate.swift; sourceTree = "<group>"; };
		56551C962BE8E7D600F391ED /* Assets.xcassets */ = {isa = PBXFileReference; lastKnownFileType = folder.assetcatalog; path = Assets.xcassets; sourceTree = "<group>"; };
		56551C992BE8E7D600F391ED /* Base */ = {isa = PBXFileReference; lastKnownFileType = file.storyboard; name = Base; path = Base.lproj/LaunchScreen.storyboard; sourceTree = "<group>"; };
		56551C9B2BE8E7D600F391ED /* Info.plist */ = {isa = PBXFileReference; lastKnownFileType = text.plist.xml; path = Info.plist; sourceTree = "<group>"; };
		56551CA52BE8E85C00F391ED /* MainViewController.swift */ = {isa = PBXFileReference; lastKnownFileType = sourcecode.swift; path = MainViewController.swift; sourceTree = "<group>"; };
		56551CA72BE9255900F391ED /* MainViewControllerTableView.swift */ = {isa = PBXFileReference; lastKnownFileType = sourcecode.swift; path = MainViewControllerTableView.swift; sourceTree = "<group>"; };
		56551CAA2BE9257C00F391ED /* MainViewModel.swift */ = {isa = PBXFileReference; lastKnownFileType = sourcecode.swift; path = MainViewModel.swift; sourceTree = "<group>"; };
		56551CAD2BE9286E00F391ED /* ServiceConstant.swift */ = {isa = PBXFileReference; lastKnownFileType = sourcecode.swift; path = ServiceConstant.swift; sourceTree = "<group>"; };
		56551CAF2BE9291300F391ED /* Service.swift */ = {isa = PBXFileReference; lastKnownFileType = sourcecode.swift; path = Service.swift; sourceTree = "<group>"; };
		56551CB72BE92B2000F391ED /* University.swift */ = {isa = PBXFileReference; lastKnownFileType = sourcecode.swift; path = University.swift; sourceTree = "<group>"; };
		56551CBA2BE930D000F391ED /* MainViewCell.swift */ = {isa = PBXFileReference; lastKnownFileType = sourcecode.swift; path = MainViewCell.swift; sourceTree = "<group>"; };
		56551CBC2BE935A200F391ED /* MainViewCellModel.swift */ = {isa = PBXFileReference; lastKnownFileType = sourcecode.swift; path = MainViewCellModel.swift; sourceTree = "<group>"; };
/* End PBXFileReference section */

/* Begin PBXFrameworksBuildPhase section */
		56551C872BE8E7D000F391ED /* Frameworks */ = {
			isa = PBXFrameworksBuildPhase;
			buildActionMask = 2147483647;
			files = (
				56551CB32BE9295400F391ED /* Alamofire in Frameworks */,
				56551CB52BE9295400F391ED /* AlamofireDynamic in Frameworks */,
			);
			runOnlyForDeploymentPostprocessing = 0;
		};
/* End PBXFrameworksBuildPhase section */

/* Begin PBXGroup section */
		56551C812BE8E7D000F391ED = {
			isa = PBXGroup;
			children = (
				56551C8C2BE8E7D100F391ED /* UniversityInformation */,
				56551C8B2BE8E7D100F391ED /* Products */,
			);
			sourceTree = "<group>";
		};
		56551C8B2BE8E7D100F391ED /* Products */ = {
			isa = PBXGroup;
			children = (
				56551C8A2BE8E7D100F391ED /* UniversityInformation.app */,
			);
			name = Products;
			sourceTree = "<group>";
		};
		56551C8C2BE8E7D100F391ED /* UniversityInformation */ = {
			isa = PBXGroup;
			children = (
				56551CB92BE930BC00F391ED /* View */,
				56551CB62BE92B1200F391ED /* Model */,
				56551CAC2BE9286300F391ED /* Service */,
				56551CA92BE9256F00F391ED /* ViewModel */,
				56551CA22BE8E7EF00F391ED /* Controller */,
				56551CA42BE8E81100F391ED /* Files */,
			);
			path = UniversityInformation;
			sourceTree = "<group>";
		};
		56551CA22BE8E7EF00F391ED /* Controller */ = {
			isa = PBXGroup;
			children = (
				56551CA52BE8E85C00F391ED /* MainViewController.swift */,
				56551CA72BE9255900F391ED /* MainViewControllerTableView.swift */,
			);
			path = Controller;
			sourceTree = "<group>";
		};
		56551CA42BE8E81100F391ED /* Files */ = {
			isa = PBXGroup;
			children = (
				56551C962BE8E7D600F391ED /* Assets.xcassets */,
				56551C982BE8E7D600F391ED /* LaunchScreen.storyboard */,
				56551C9B2BE8E7D600F391ED /* Info.plist */,
				56551C8D2BE8E7D100F391ED /* AppDelegate.swift */,
				56551C8F2BE8E7D100F391ED /* SceneDelegate.swift */,
			);
			name = Files;
			sourceTree = "<group>";
		};
		56551CA92BE9256F00F391ED /* ViewModel */ = {
			isa = PBXGroup;
			children = (
				56551CAA2BE9257C00F391ED /* MainViewModel.swift */,
				56551CBC2BE935A200F391ED /* MainViewCellModel.swift */,
			);
			path = ViewModel;
			sourceTree = "<group>";
		};
		56551CAC2BE9286300F391ED /* Service */ = {
			isa = PBXGroup;
			children = (
				56551CAD2BE9286E00F391ED /* ServiceConstant.swift */,
				56551CAF2BE9291300F391ED /* Service.swift */,
			);
			path = Service;
			sourceTree = "<group>";
		};
		56551CB62BE92B1200F391ED /* Model */ = {
			isa = PBXGroup;
			children = (
				56551CB72BE92B2000F391ED /* University.swift */,
			);
			path = Model;
			sourceTree = "<group>";
		};
		56551CB92BE930BC00F391ED /* View */ = {
			isa = PBXGroup;
			children = (
				56551CBA2BE930D000F391ED /* MainViewCell.swift */,
			);
			path = View;
			sourceTree = "<group>";
		};
/* End PBXGroup section */

/* Begin PBXNativeTarget section */
		56551C892BE8E7D000F391ED /* UniversityInformation */ = {
			isa = PBXNativeTarget;
			buildConfigurationList = 56551C9E2BE8E7D600F391ED /* Build configuration list for PBXNativeTarget "UniversityInformation" */;
			buildPhases = (
				56551C862BE8E7D000F391ED /* Sources */,
				56551C872BE8E7D000F391ED /* Frameworks */,
				56551C882BE8E7D000F391ED /* Resources */,
			);
			buildRules = (
			);
			dependencies = (
			);
			name = UniversityInformation;
			packageProductDependencies = (
				56551CB22BE9295400F391ED /* Alamofire */,
				56551CB42BE9295400F391ED /* AlamofireDynamic */,
			);
			productName = UniversityInformation;
			productReference = 56551C8A2BE8E7D100F391ED /* UniversityInformation.app */;
			productType = "com.apple.product-type.application";
		};
/* End PBXNativeTarget section */

/* Begin PBXProject section */
		56551C822BE8E7D000F391ED /* Project object */ = {
			isa = PBXProject;
			attributes = {
				BuildIndependentTargetsInParallel = 1;
				LastSwiftUpdateCheck = 1510;
				LastUpgradeCheck = 1510;
				TargetAttributes = {
					56551C892BE8E7D000F391ED = {
						CreatedOnToolsVersion = 15.1;
					};
				};
			};
			buildConfigurationList = 56551C852BE8E7D000F391ED /* Build configuration list for PBXProject "UniversityInformation" */;
			compatibilityVersion = "Xcode 14.0";
			developmentRegion = en;
			hasScannedForEncodings = 0;
			knownRegions = (
				en,
				Base,
			);
			mainGroup = 56551C812BE8E7D000F391ED;
			packageReferences = (
				56551CB12BE9295400F391ED /* XCRemoteSwiftPackageReference "Alamofire" */,
			);
			productRefGroup = 56551C8B2BE8E7D100F391ED /* Products */;
			projectDirPath = "";
			projectRoot = "";
			targets = (
				56551C892BE8E7D000F391ED /* UniversityInformation */,
			);
		};
/* End PBXProject section */

/* Begin PBXResourcesBuildPhase section */
		56551C882BE8E7D000F391ED /* Resources */ = {
			isa = PBXResourcesBuildPhase;
			buildActionMask = 2147483647;
			files = (
				56551C9A2BE8E7D600F391ED /* LaunchScreen.storyboard in Resources */,
				56551C972BE8E7D600F391ED /* Assets.xcassets in Resources */,
			);
			runOnlyForDeploymentPostprocessing = 0;
		};
/* End PBXResourcesBuildPhase section */

/* Begin PBXSourcesBuildPhase section */
		56551C862BE8E7D000F391ED /* Sources */ = {
			isa = PBXSourcesBuildPhase;
			buildActionMask = 2147483647;
			files = (
				56551CBB2BE930D000F391ED /* MainViewCell.swift in Sources */,
				56551CAB2BE9257C00F391ED /* MainViewModel.swift in Sources */,
				56551CB02BE9291300F391ED /* Service.swift in Sources */,
				56551CA62BE8E85C00F391ED /* MainViewController.swift in Sources */,
				56551CA82BE9255900F391ED /* MainViewControllerTableView.swift in Sources */,
				56551CBD2BE935A200F391ED /* MainViewCellModel.swift in Sources */,
				56551C8E2BE8E7D100F391ED /* AppDelegate.swift in Sources */,
				56551CB82BE92B2000F391ED /* University.swift in Sources */,
				56551C902BE8E7D100F391ED /* SceneDelegate.swift in Sources */,
				56551CAE2BE9286E00F391ED /* ServiceConstant.swift in Sources */,
			);
			runOnlyForDeploymentPostprocessing = 0;
		};
/* End PBXSourcesBuildPhase section */

/* Begin PBXVariantGroup section */
		56551C982BE8E7D600F391ED /* LaunchScreen.storyboard */ = {
			isa = PBXVariantGroup;
			children = (
				56551C992BE8E7D600F391ED /* Base */,
			);
			name = LaunchScreen.storyboard;
			sourceTree = "<group>";
		};
/* End PBXVariantGroup section */

/* Begin XCBuildConfiguration section */
		56551C9C2BE8E7D600F391ED /* Debug */ = {
			isa = XCBuildConfiguration;
			buildSettings = {
				ALWAYS_SEARCH_USER_PATHS = NO;
				ASSETCATALOG_COMPILER_GENERATE_SWIFT_ASSET_SYMBOL_EXTENSIONS = YES;
				CLANG_ANALYZER_NONNULL = YES;
				CLANG_ANALYZER_NUMBER_OBJECT_CONVERSION = YES_AGGRESSIVE;
				CLANG_CXX_LANGUAGE_STANDARD = "gnu++20";
				CLANG_ENABLE_MODULES = YES;
				CLANG_ENABLE_OBJC_ARC = YES;
				CLANG_ENABLE_OBJC_WEAK = YES;
				CLANG_WARN_BLOCK_CAPTURE_AUTORELEASING = YES;
				CLANG_WARN_BOOL_CONVERSION = YES;
				CLANG_WARN_COMMA = YES;
				CLANG_WARN_CONSTANT_CONVERSION = YES;
				CLANG_WARN_DEPRECATED_OBJC_IMPLEMENTATIONS = YES;
				CLANG_WARN_DIRECT_OBJC_ISA_USAGE = YES_ERROR;
				CLANG_WARN_DOCUMENTATION_COMMENTS = YES;
				CLANG_WARN_EMPTY_BODY = YES;
				CLANG_WARN_ENUM_CONVERSION = YES;
				CLANG_WARN_INFINITE_RECURSION = YES;
				CLANG_WARN_INT_CONVERSION = YES;
				CLANG_WARN_NON_LITERAL_NULL_CONVERSION = YES;
				CLANG_WARN_OBJC_IMPLICIT_RETAIN_SELF = YES;
				CLANG_WARN_OBJC_LITERAL_CONVERSION = YES;
				CLANG_WARN_OBJC_ROOT_CLASS = YES_ERROR;
				CLANG_WARN_QUOTED_INCLUDE_IN_FRAMEWORK_HEADER = YES;
				CLANG_WARN_RANGE_LOOP_ANALYSIS = YES;
				CLANG_WARN_STRICT_PROTOTYPES = YES;
				CLANG_WARN_SUSPICIOUS_MOVE = YES;
				CLANG_WARN_UNGUARDED_AVAILABILITY = YES_AGGRESSIVE;
				CLANG_WARN_UNREACHABLE_CODE = YES;
				CLANG_WARN__DUPLICATE_METHOD_MATCH = YES;
				COPY_PHASE_STRIP = NO;
				DEBUG_INFORMATION_FORMAT = dwarf;
				ENABLE_STRICT_OBJC_MSGSEND = YES;
				ENABLE_TESTABILITY = YES;
				ENABLE_USER_SCRIPT_SANDBOXING = YES;
				GCC_C_LANGUAGE_STANDARD = gnu17;
				GCC_DYNAMIC_NO_PIC = NO;
				GCC_NO_COMMON_BLOCKS = YES;
				GCC_OPTIMIZATION_LEVEL = 0;
				GCC_PREPROCESSOR_DEFINITIONS = (
					"DEBUG=1",
					"$(inherited)",
				);
				GCC_WARN_64_TO_32_BIT_CONVERSION = YES;
				GCC_WARN_ABOUT_RETURN_TYPE = YES_ERROR;
				GCC_WARN_UNDECLARED_SELECTOR = YES;
				GCC_WARN_UNINITIALIZED_AUTOS = YES_AGGRESSIVE;
				GCC_WARN_UNUSED_FUNCTION = YES;
				GCC_WARN_UNUSED_VARIABLE = YES;
				IPHONEOS_DEPLOYMENT_TARGET = 17.2;
				LOCALIZATION_PREFERS_STRING_CATALOGS = YES;
				MTL_ENABLE_DEBUG_INFO = INCLUDE_SOURCE;
				MTL_FAST_MATH = YES;
				ONLY_ACTIVE_ARCH = YES;
				SDKROOT = iphoneos;
				SWIFT_ACTIVE_COMPILATION_CONDITIONS = "DEBUG $(inherited)";
				SWIFT_OPTIMIZATION_LEVEL = "-Onone";
			};
			name = Debug;
		};
		56551C9D2BE8E7D600F391ED /* Release */ = {
			isa = XCBuildConfiguration;
			buildSettings = {
				ALWAYS_SEARCH_USER_PATHS = NO;
				ASSETCATALOG_COMPILER_GENERATE_SWIFT_ASSET_SYMBOL_EXTENSIONS = YES;
				CLANG_ANALYZER_NONNULL = YES;
				CLANG_ANALYZER_NUMBER_OBJECT_CONVERSION = YES_AGGRESSIVE;
				CLANG_CXX_LANGUAGE_STANDARD = "gnu++20";
				CLANG_ENABLE_MODULES = YES;
				CLANG_ENABLE_OBJC_ARC = YES;
				CLANG_ENABLE_OBJC_WEAK = YES;
				CLANG_WARN_BLOCK_CAPTURE_AUTORELEASING = YES;
				CLANG_WARN_BOOL_CONVERSION = YES;
				CLANG_WARN_COMMA = YES;
				CLANG_WARN_CONSTANT_CONVERSION = YES;
				CLANG_WARN_DEPRECATED_OBJC_IMPLEMENTATIONS = YES;
				CLANG_WARN_DIRECT_OBJC_ISA_USAGE = YES_ERROR;
				CLANG_WARN_DOCUMENTATION_COMMENTS = YES;
				CLANG_WARN_EMPTY_BODY = YES;
				CLANG_WARN_ENUM_CONVERSION = YES;
				CLANG_WARN_INFINITE_RECURSION = YES;
				CLANG_WARN_INT_CONVERSION = YES;
				CLANG_WARN_NON_LITERAL_NULL_CONVERSION = YES;
				CLANG_WARN_OBJC_IMPLICIT_RETAIN_SELF = YES;
				CLANG_WARN_OBJC_LITERAL_CONVERSION = YES;
				CLANG_WARN_OBJC_ROOT_CLASS = YES_ERROR;
				CLANG_WARN_QUOTED_INCLUDE_IN_FRAMEWORK_HEADER = YES;
				CLANG_WARN_RANGE_LOOP_ANALYSIS = YES;
				CLANG_WARN_STRICT_PROTOTYPES = YES;
				CLANG_WARN_SUSPICIOUS_MOVE = YES;
				CLANG_WARN_UNGUARDED_AVAILABILITY = YES_AGGRESSIVE;
				CLANG_WARN_UNREACHABLE_CODE = YES;
				CLANG_WARN__DUPLICATE_METHOD_MATCH = YES;
				COPY_PHASE_STRIP = NO;
				DEBUG_INFORMATION_FORMAT = "dwarf-with-dsym";
				ENABLE_NS_ASSERTIONS = NO;
				ENABLE_STRICT_OBJC_MSGSEND = YES;
				ENABLE_USER_SCRIPT_SANDBOXING = YES;
				GCC_C_LANGUAGE_STANDARD = gnu17;
				GCC_NO_COMMON_BLOCKS = YES;
				GCC_WARN_64_TO_32_BIT_CONVERSION = YES;
				GCC_WARN_ABOUT_RETURN_TYPE = YES_ERROR;
				GCC_WARN_UNDECLARED_SELECTOR = YES;
				GCC_WARN_UNINITIALIZED_AUTOS = YES_AGGRESSIVE;
				GCC_WARN_UNUSED_FUNCTION = YES;
				GCC_WARN_UNUSED_VARIABLE = YES;
				IPHONEOS_DEPLOYMENT_TARGET = 17.2;
				LOCALIZATION_PREFERS_STRING_CATALOGS = YES;
				MTL_ENABLE_DEBUG_INFO = NO;
				MTL_FAST_MATH = YES;
				SDKROOT = iphoneos;
				SWIFT_COMPILATION_MODE = wholemodule;
				VALIDATE_PRODUCT = YES;
			};
			name = Release;
		};
		56551C9F2BE8E7D600F391ED /* Debug */ = {
			isa = XCBuildConfiguration;
			buildSettings = {
				ASSETCATALOG_COMPILER_APPICON_NAME = AppIcon;
				ASSETCATALOG_COMPILER_GLOBAL_ACCENT_COLOR_NAME = AccentColor;
				CODE_SIGN_STYLE = Automatic;
				CURRENT_PROJECT_VERSION = 1;
				DEVELOPMENT_TEAM = 7C94QN45FD;
				GENERATE_INFOPLIST_FILE = YES;
				INFOPLIST_FILE = UniversityInformation/Info.plist;
				INFOPLIST_KEY_UIApplicationSupportsIndirectInputEvents = YES;
				INFOPLIST_KEY_UILaunchStoryboardName = LaunchScreen;
				INFOPLIST_KEY_UIMainStoryboardFile = "";
				INFOPLIST_KEY_UISupportedInterfaceOrientations = UIInterfaceOrientationPortrait;
				INFOPLIST_KEY_UISupportedInterfaceOrientations_iPad = "UIInterfaceOrientationLandscapeLeft UIInterfaceOrientationLandscapeRight UIInterfaceOrientationPortrait UIInterfaceOrientationPortraitUpsideDown";
				LD_RUNPATH_SEARCH_PATHS = (
					"$(inherited)",
					"@executable_path/Frameworks",
				);
				MARKETING_VERSION = 1.0;
				PRODUCT_BUNDLE_IDENTIFIER = com.DwozStudio.UniversityInformation;
				PRODUCT_NAME = "$(TARGET_NAME)";
				SUPPORTED_PLATFORMS = "iphoneos iphonesimulator";
				SUPPORTS_MACCATALYST = NO;
				SUPPORTS_MAC_DESIGNED_FOR_IPHONE_IPAD = NO;
				SWIFT_EMIT_LOC_STRINGS = YES;
				SWIFT_VERSION = 5.0;
				TARGETED_DEVICE_FAMILY = 1;
			};
			name = Debug;
		};
		56551CA02BE8E7D600F391ED /* Release */ = {
			isa = XCBuildConfiguration;
			buildSettings = {
				ASSETCATALOG_COMPILER_APPICON_NAME = AppIcon;
				ASSETCATALOG_COMPILER_GLOBAL_ACCENT_COLOR_NAME = AccentColor;
				CODE_SIGN_STYLE = Automatic;
				CURRENT_PROJECT_VERSION = 1;
				DEVELOPMENT_TEAM = 7C94QN45FD;
				GENERATE_INFOPLIST_FILE = YES;
				INFOPLIST_FILE = UniversityInformation/Info.plist;
				INFOPLIST_KEY_UIApplicationSupportsIndirectInputEvents = YES;
				INFOPLIST_KEY_UILaunchStoryboardName = LaunchScreen;
				INFOPLIST_KEY_UIMainStoryboardFile = "";
				INFOPLIST_KEY_UISupportedInterfaceOrientations = UIInterfaceOrientationPortrait;
				INFOPLIST_KEY_UISupportedInterfaceOrientations_iPad = "UIInterfaceOrientationLandscapeLeft UIInterfaceOrientationLandscapeRight UIInterfaceOrientationPortrait UIInterfaceOrientationPortraitUpsideDown";
				LD_RUNPATH_SEARCH_PATHS = (
					"$(inherited)",
					"@executable_path/Frameworks",
				);
				MARKETING_VERSION = 1.0;
				PRODUCT_BUNDLE_IDENTIFIER = com.DwozStudio.UniversityInformation;
				PRODUCT_NAME = "$(TARGET_NAME)";
				SUPPORTED_PLATFORMS = "iphoneos iphonesimulator";
				SUPPORTS_MACCATALYST = NO;
				SUPPORTS_MAC_DESIGNED_FOR_IPHONE_IPAD = NO;
				SWIFT_EMIT_LOC_STRINGS = YES;
				SWIFT_VERSION = 5.0;
				TARGETED_DEVICE_FAMILY = 1;
			};
			name = Release;
		};
/* End XCBuildConfiguration section */

/* Begin XCConfigurationList section */
		56551C852BE8E7D000F391ED /* Build configuration list for PBXProject "UniversityInformation" */ = {
			isa = XCConfigurationList;
			buildConfigurations = (
				56551C9C2BE8E7D600F391ED /* Debug */,
				56551C9D2BE8E7D600F391ED /* Release */,
			);
			defaultConfigurationIsVisible = 0;
			defaultConfigurationName = Release;
		};
		56551C9E2BE8E7D600F391ED /* Build configuration list for PBXNativeTarget "UniversityInformation" */ = {
			isa = XCConfigurationList;
			buildConfigurations = (
				56551C9F2BE8E7D600F391ED /* Debug */,
				56551CA02BE8E7D600F391ED /* Release */,
			);
			defaultConfigurationIsVisible = 0;
			defaultConfigurationName = Release;
		};
/* End XCConfigurationList section */

/* Begin XCRemoteSwiftPackageReference section */
		56551CB12BE9295400F391ED /* XCRemoteSwiftPackageReference "Alamofire" */ = {
			isa = XCRemoteSwiftPackageReference;
			repositoryURL = "https://github.com/Alamofire/Alamofire.git";
			requirement = {
				kind = upToNextMajorVersion;
				minimumVersion = 5.9.1;
			};
		};
/* End XCRemoteSwiftPackageReference section */

/* Begin XCSwiftPackageProductDependency section */
		56551CB22BE9295400F391ED /* Alamofire */ = {
			isa = XCSwiftPackageProductDependency;
			package = 56551CB12BE9295400F391ED /* XCRemoteSwiftPackageReference "Alamofire" */;
			productName = Alamofire;
		};
		56551CB42BE9295400F391ED /* AlamofireDynamic */ = {
			isa = XCSwiftPackageProductDependency;
			package = 56551CB12BE9295400F391ED /* XCRemoteSwiftPackageReference "Alamofire" */;
			productName = AlamofireDynamic;
		};
/* End XCSwiftPackageProductDependency section */
	};
	rootObject = 56551C822BE8E7D000F391ED /* Project object */;
}
